
Microsoft Visual Studio Solution File, Format Version 12.00
# Visual Studio Version 17
VisualStudioVersion = 17.14.36109.1 d17.14
MinimumVisualStudioVersion = 10.0.40219.1
Project("{FAE04EC0-301F-11D3-BF4B-00C04F79EFBC}") = "RazorApp.Cursos", "RazorApp.Cursos.csproj", "{B7523C66-9FCD-4133-B2DD-FFF3932EC282}"
EndProject
Global
	GlobalSection(SolutionConfigurationPlatforms) = preSolution
		Debug|Any CPU = Debug|Any CPU
		Release|Any CPU = Release|Any CPU
	EndGlobalSection
	GlobalSection(ProjectConfigurationPlatforms) = postSolution
		{B7523C66-9FCD-4133-B2DD-FFF3932EC282}.Debug|Any CPU.ActiveCfg = Debug|Any CPU
		{B7523C66-9FCD-4133-B2DD-FFF3932EC282}.Debug|Any CPU.Build.0 = Debug|Any CPU
		{B7523C66-9FCD-4133-B2DD-FFF3932EC282}.Release|Any CPU.ActiveCfg = Release|Any CPU
		{B7523C66-9FCD-4133-B2DD-FFF3932EC282}.Release|Any CPU.Build.0 = Release|Any CPU
	EndGlobalSection
	GlobalSection(SolutionProperties) = preSolution
		HideSolutionNode = FALSE
	EndGlobalSection
	GlobalSection(ExtensibilityGlobals) = postSolution
		SolutionGuid = {A1386629-107C-41E3-B5C2-9A97A99BAEBF}
	EndGlobalSection
EndGlobal
